
Microsoft Visual Studio Solution File, Format Version 12.00
# Visual Studio Version 17
VisualStudioVersion = 17.14.36109.1
MinimumVisualStudioVersion = 10.0.40219.1
Project("{FAE04EC0-301F-11D3-BF4B-00C04F79EFBC}") = "SemanticAgent", "SemanticAgent\SemanticAgent.csproj", "{D1015F0C-B7C5-4FDD-9179-CF30FB324898}"
EndProject
Project("{FAE04EC0-301F-11D3-BF4B-00C04F79EFBC}") = "SemanticAgent.Plugins", "SemanticAgent.Plugins\SemanticAgent.Plugins.csproj", "{FCF5E7A4-EE24-4141-8E6D-49794E2B672D}"
EndProject
Project("{FAE04EC0-301F-11D3-BF4B-00C04F79EFBC}") = "SemanticAgent.Web", "SemanticAgent.Web\SemanticAgent.Web.csproj", "{B53CB1E7-B0F4-40EA-8496-F9195E050944}"
EndProject
Project("{FAE04EC0-301F-11D3-BF4B-00C04F79EFBC}") = "SemanticAgent.Business", "SemanticAgent.Business\SemanticAgent.Business.csproj", "{C3AFDC74-B3DC-46F9-B689-61466A2842F4}"
EndProject
Project("{FAE04EC0-301F-11D3-BF4B-00C04F79EFBC}") = "SemanticAgent.Common", "SemanticAgent.Common\SemanticAgent.Common.csproj", "{91FD40A3-EEB3-4237-A9C4-DFA552DA308C}"
EndProject
Project("{FAE04EC0-301F-11D3-BF4B-00C04F79EFBC}") = "SemanticAgent.Agents", "SemanticAgent.Agents\SemanticAgent.Agents.csproj", "{8C506E41-FF1F-4A1D-8654-C10F82520431}"
EndProject
Project("{FAE04EC0-301F-11D3-BF4B-00C04F79EFBC}") = "SemanticAgent.Processes", "SemanticAgent.Processes\SemanticAgent.Processes.csproj", "{FCE98B46-FB8D-4036-B6D1-97FB0A1CFEF1}"
EndProject
Global
	GlobalSection(SolutionConfigurationPlatforms) = preSolution
		Debug|Any CPU = Debug|Any CPU
		Release|Any CPU = Release|Any CPU
	EndGlobalSection
	GlobalSection(ProjectConfigurationPlatforms) = postSolution
		{D1015F0C-B7C5-4FDD-9179-CF30FB324898}.Debug|Any CPU.ActiveCfg = Debug|Any CPU
		{D1015F0C-B7C5-4FDD-9179-CF30FB324898}.Debug|Any CPU.Build.0 = Debug|Any CPU
		{D1015F0C-B7C5-4FDD-9179-CF30FB324898}.Release|Any CPU.ActiveCfg = Release|Any CPU
		{D1015F0C-B7C5-4FDD-9179-CF30FB324898}.Release|Any CPU.Build.0 = Release|Any CPU
		{FCF5E7A4-EE24-4141-8E6D-49794E2B672D}.Debug|Any CPU.ActiveCfg = Debug|Any CPU
		{FCF5E7A4-EE24-4141-8E6D-49794E2B672D}.Debug|Any CPU.Build.0 = Debug|Any CPU
		{FCF5E7A4-EE24-4141-8E6D-49794E2B672D}.Release|Any CPU.ActiveCfg = Release|Any CPU
		{FCF5E7A4-EE24-4141-8E6D-49794E2B672D}.Release|Any CPU.Build.0 = Release|Any CPU
		{B53CB1E7-B0F4-40EA-8496-F9195E050944}.Debug|Any CPU.ActiveCfg = Debug|Any CPU
		{B53CB1E7-B0F4-40EA-8496-F9195E050944}.Debug|Any CPU.Build.0 = Debug|Any CPU
		{B53CB1E7-B0F4-40EA-8496-F9195E050944}.Release|Any CPU.ActiveCfg = Release|Any CPU
		{B53CB1E7-B0F4-40EA-8496-F9195E050944}.Release|Any CPU.Build.0 = Release|Any CPU
		{C3AFDC74-B3DC-46F9-B689-61466A2842F4}.Debug|Any CPU.ActiveCfg = Debug|Any CPU
		{C3AFDC74-B3DC-46F9-B689-61466A2842F4}.Debug|Any CPU.Build.0 = Debug|Any CPU
		{C3AFDC74-B3DC-46F9-B689-61466A2842F4}.Release|Any CPU.ActiveCfg = Release|Any CPU
		{C3AFDC74-B3DC-46F9-B689-61466A2842F4}.Release|Any CPU.Build.0 = Release|Any CPU
		{91FD40A3-EEB3-4237-A9C4-DFA552DA308C}.Debug|Any CPU.ActiveCfg = Debug|Any CPU
		{91FD40A3-EEB3-4237-A9C4-DFA552DA308C}.Debug|Any CPU.Build.0 = Debug|Any CPU
		{91FD40A3-EEB3-4237-A9C4-DFA552DA308C}.Release|Any CPU.ActiveCfg = Release|Any CPU
		{91FD40A3-EEB3-4237-A9C4-DFA552DA308C}.Release|Any CPU.Build.0 = Release|Any CPU
		{8C506E41-FF1F-4A1D-8654-C10F82520431}.Debug|Any CPU.ActiveCfg = Debug|Any CPU
		{8C506E41-FF1F-4A1D-8654-C10F82520431}.Debug|Any CPU.Build.0 = Debug|Any CPU
		{8C506E41-FF1F-4A1D-8654-C10F82520431}.Release|Any CPU.ActiveCfg = Release|Any CPU
		{8C506E41-FF1F-4A1D-8654-C10F82520431}.Release|Any CPU.Build.0 = Release|Any CPU
		{FCE98B46-FB8D-4036-B6D1-97FB0A1CFEF1}.Debug|Any CPU.ActiveCfg = Debug|Any CPU
		{FCE98B46-FB8D-4036-B6D1-97FB0A1CFEF1}.Debug|Any CPU.Build.0 = Debug|Any CPU
		{FCE98B46-FB8D-4036-B6D1-97FB0A1CFEF1}.Release|Any CPU.ActiveCfg = Release|Any CPU
		{FCE98B46-FB8D-4036-B6D1-97FB0A1CFEF1}.Release|Any CPU.Build.0 = Release|Any CPU
	EndGlobalSection
	GlobalSection(SolutionProperties) = preSolution
		HideSolutionNode = FALSE
	EndGlobalSection
	GlobalSection(ExtensibilityGlobals) = postSolution
		SolutionGuid = {C5076AF5-4C97-4C20-BED4-1E82DEFEBC5E}
	EndGlobalSection
EndGlobal
